// !$*UTF8*$!
{
	archiveVersion = 1;
	classes = {
	};
	objectVersion = 55;
	objects = {

/* Begin PBXBuildFile section */
		414B0A5872ED7AB724B20F4B /* Pods_Parstagram_ParstagramUITests.framework in Frameworks */ = {isa = PBXBuildFile; fileRef = 12A12343405AC3A5D34B9F45 /* Pods_Parstagram_ParstagramUITests.framework */; };
		7B47CD9F7F0ABC8A3F4DF1F5 /* Pods_ParstagramTests.framework in Frameworks */ = {isa = PBXBuildFile; fileRef = 56631A094F0053C050041931 /* Pods_ParstagramTests.framework */; };
		8A989BDE27ED0DC700206572 /* AlamofireImage in Frameworks */ = {isa = PBXBuildFile; productRef = 8A989BDD27ED0DC700206572 /* AlamofireImage */; };
		8ABD1F2027EA8EF400247759 /* AppDelegate.swift in Sources */ = {isa = PBXBuildFile; fileRef = 8ABD1F1F27EA8EF400247759 /* AppDelegate.swift */; };
		8ABD1F2227EA8EF400247759 /* SceneDelegate.swift in Sources */ = {isa = PBXBuildFile; fileRef = 8ABD1F2127EA8EF400247759 /* SceneDelegate.swift */; };
		8ABD1F2427EA8EF400247759 /* ViewController.swift in Sources */ = {isa = PBXBuildFile; fileRef = 8ABD1F2327EA8EF400247759 /* ViewController.swift */; };
		8ABD1F2727EA8EF400247759 /* Main.storyboard in Resources */ = {isa = PBXBuildFile; fileRef = 8ABD1F2527EA8EF400247759 /* Main.storyboard */; };
		8ABD1F2A27EA8EF400247759 /* Parstagram.xcdatamodeld in Sources */ = {isa = PBXBuildFile; fileRef = 8ABD1F2827EA8EF400247759 /* Parstagram.xcdatamodeld */; };
		8ABD1F2C27EA8EF600247759 /* Assets.xcassets in Resources */ = {isa = PBXBuildFile; fileRef = 8ABD1F2B27EA8EF600247759 /* Assets.xcassets */; };
		8ABD1F2F27EA8EF700247759 /* LaunchScreen.storyboard in Resources */ = {isa = PBXBuildFile; fileRef = 8ABD1F2D27EA8EF700247759 /* LaunchScreen.storyboard */; };
		8ABD1F3A27EA8EF700247759 /* ParstagramTests.swift in Sources */ = {isa = PBXBuildFile; fileRef = 8ABD1F3927EA8EF700247759 /* ParstagramTests.swift */; };
		8ABD1F4427EA8EF700247759 /* ParstagramUITests.swift in Sources */ = {isa = PBXBuildFile; fileRef = 8ABD1F4327EA8EF700247759 /* ParstagramUITests.swift */; };
		8ABD1F4627EA8EF700247759 /* ParstagramUITestsLaunchTests.swift in Sources */ = {isa = PBXBuildFile; fileRef = 8ABD1F4527EA8EF700247759 /* ParstagramUITestsLaunchTests.swift */; };
		E37E87D3093D272C8CE1E7A9 /* Pods_Parstagram.framework in Frameworks */ = {isa = PBXBuildFile; fileRef = 10AF781CDB62CF103E7EC459 /* Pods_Parstagram.framework */; };
/* End PBXBuildFile section */

/* Begin PBXContainerItemProxy section */
		8ABD1F3627EA8EF700247759 /* PBXContainerItemProxy */ = {
			isa = PBXContainerItemProxy;
			containerPortal = 8ABD1F1427EA8EF400247759 /* Project object */;
			proxyType = 1;
			remoteGlobalIDString = 8ABD1F1B27EA8EF400247759;
			remoteInfo = Parstagram;
		};
		8ABD1F4027EA8EF700247759 /* PBXContainerItemProxy */ = {
			isa = PBXContainerItemProxy;
			containerPortal = 8ABD1F1427EA8EF400247759 /* Project object */;
			proxyType = 1;
			remoteGlobalIDString = 8ABD1F1B27EA8EF400247759;
			remoteInfo = Parstagram;
		};
/* End PBXContainerItemProxy section */

/* Begin PBXFileReference section */
		10AF781CDB62CF103E7EC459 /* Pods_Parstagram.framework */ = {isa = PBXFileReference; explicitFileType = wrapper.framework; includeInIndex = 0; path = Pods_Parstagram.framework; sourceTree = BUILT_PRODUCTS_DIR; };
		12A12343405AC3A5D34B9F45 /* Pods_Parstagram_ParstagramUITests.framework */ = {isa = PBXFileReference; explicitFileType = wrapper.framework; includeInIndex = 0; path = Pods_Parstagram_ParstagramUITests.framework; sourceTree = BUILT_PRODUCTS_DIR; };
		1BB5D7C92E37BD03DE4D6800 /* Pods-Parstagram-ParstagramUITests.debug.xcconfig */ = {isa = PBXFileReference; includeInIndex = 1; lastKnownFileType = text.xcconfig; name = "Pods-Parstagram-ParstagramUITests.debug.xcconfig"; path = "Target Support Files/Pods-Parstagram-ParstagramUITests/Pods-Parstagram-ParstagramUITests.debug.xcconfig"; sourceTree = "<group>"; };
		4946EED8663DCCD3D9AC6D0C /* Pods-Parstagram.release.xcconfig */ = {isa = PBXFileReference; includeInIndex = 1; lastKnownFileType = text.xcconfig; name = "Pods-Parstagram.release.xcconfig"; path = "Target Support Files/Pods-Parstagram/Pods-Parstagram.release.xcconfig"; sourceTree = "<group>"; };
		56631A094F0053C050041931 /* Pods_ParstagramTests.framework */ = {isa = PBXFileReference; explicitFileType = wrapper.framework; includeInIndex = 0; path = Pods_ParstagramTests.framework; sourceTree = BUILT_PRODUCTS_DIR; };
		8ABD1F1C27EA8EF400247759 /* Parstagram.app */ = {isa = PBXFileReference; explicitFileType = wrapper.application; includeInIndex = 0; path = Parstagram.app; sourceTree = BUILT_PRODUCTS_DIR; };
		8ABD1F1F27EA8EF400247759 /* AppDelegate.swift */ = {isa = PBXFileReference; lastKnownFileType = sourcecode.swift; path = AppDelegate.swift; sourceTree = "<group>"; };
		8ABD1F2127EA8EF400247759 /* SceneDelegate.swift */ = {isa = PBXFileReference; lastKnownFileType = sourcecode.swift; path = SceneDelegate.swift; sourceTree = "<group>"; };
		8ABD1F2327EA8EF400247759 /* ViewController.swift */ = {isa = PBXFileReference; lastKnownFileType = sourcecode.swift; path = ViewController.swift; sourceTree = "<group>"; };
		8ABD1F2627EA8EF400247759 /* Base */ = {isa = PBXFileReference; lastKnownFileType = file.storyboard; name = Base; path = Base.lproj/Main.storyboard; sourceTree = "<group>"; };
		8ABD1F2927EA8EF400247759 /* Parstagram.xcdatamodel */ = {isa = PBXFileReference; lastKnownFileType = wrapper.xcdatamodel; path = Parstagram.xcdatamodel; sourceTree = "<group>"; };
		8ABD1F2B27EA8EF600247759 /* Assets.xcassets */ = {isa = PBXFileReference; lastKnownFileType = folder.assetcatalog; path = Assets.xcassets; sourceTree = "<group>"; };
		8ABD1F2E27EA8EF700247759 /* Base */ = {isa = PBXFileReference; lastKnownFileType = file.storyboard; name = Base; path = Base.lproj/LaunchScreen.storyboard; sourceTree = "<group>"; };
		8ABD1F3027EA8EF700247759 /* Info.plist */ = {isa = PBXFileReference; lastKnownFileType = text.plist.xml; path = Info.plist; sourceTree = "<group>"; };
		8ABD1F3527EA8EF700247759 /* ParstagramTests.xctest */ = {isa = PBXFileReference; explicitFileType = wrapper.cfbundle; includeInIndex = 0; path = ParstagramTests.xctest; sourceTree = BUILT_PRODUCTS_DIR; };
		8ABD1F3927EA8EF700247759 /* ParstagramTests.swift */ = {isa = PBXFileReference; lastKnownFileType = sourcecode.swift; path = ParstagramTests.swift; sourceTree = "<group>"; };
		8ABD1F3F27EA8EF700247759 /* ParstagramUITests.xctest */ = {isa = PBXFileReference; explicitFileType = wrapper.cfbundle; includeInIndex = 0; path = ParstagramUITests.xctest; sourceTree = BUILT_PRODUCTS_DIR; };
		8ABD1F4327EA8EF700247759 /* ParstagramUITests.swift */ = {isa = PBXFileReference; lastKnownFileType = sourcecode.swift; path = ParstagramUITests.swift; sourceTree = "<group>"; };
		8ABD1F4527EA8EF700247759 /* ParstagramUITestsLaunchTests.swift */ = {isa = PBXFileReference; lastKnownFileType = sourcecode.swift; path = ParstagramUITestsLaunchTests.swift; sourceTree = "<group>"; };
		8EBBFAD4AF8B03F6D7E92A03 /* Pods-ParstagramTests.debug.xcconfig */ = {isa = PBXFileReference; includeInIndex = 1; lastKnownFileType = text.xcconfig; name = "Pods-ParstagramTests.debug.xcconfig"; path = "Target Support Files/Pods-ParstagramTests/Pods-ParstagramTests.debug.xcconfig"; sourceTree = "<group>"; };
		93F9C7040AD2115D05513334 /* Pods-Parstagram-ParstagramUITests.release.xcconfig */ = {isa = PBXFileReference; includeInIndex = 1; lastKnownFileType = text.xcconfig; name = "Pods-Parstagram-ParstagramUITests.release.xcconfig"; path = "Target Support Files/Pods-Parstagram-ParstagramUITests/Pods-Parstagram-ParstagramUITests.release.xcconfig"; sourceTree = "<group>"; };
		969F862ED1E04D7444927AFE /* Pods-Parstagram.debug.xcconfig */ = {isa = PBXFileReference; includeInIndex = 1; lastKnownFileType = text.xcconfig; name = "Pods-Parstagram.debug.xcconfig"; path = "Target Support Files/Pods-Parstagram/Pods-Parstagram.debug.xcconfig"; sourceTree = "<group>"; };
		EE9981ECBB402B3AEFB46C85 /* Pods-ParstagramTests.release.xcconfig */ = {isa = PBXFileReference; includeInIndex = 1; lastKnownFileType = text.xcconfig; name = "Pods-ParstagramTests.release.xcconfig"; path = "Target Support Files/Pods-ParstagramTests/Pods-ParstagramTests.release.xcconfig"; sourceTree = "<group>"; };
/* End PBXFileReference section */

/* Begin PBXFrameworksBuildPhase section */
		8ABD1F1927EA8EF400247759 /* Frameworks */ = {
			isa = PBXFrameworksBuildPhase;
			buildActionMask = 2147483647;
			files = (
				8A989BDE27ED0DC700206572 /* AlamofireImage in Frameworks */,
				E37E87D3093D272C8CE1E7A9 /* Pods_Parstagram.framework in Frameworks */,
			);
			runOnlyForDeploymentPostprocessing = 0;
		};
		8ABD1F3227EA8EF700247759 /* Frameworks */ = {
			isa = PBXFrameworksBuildPhase;
			buildActionMask = 2147483647;
			files = (
				7B47CD9F7F0ABC8A3F4DF1F5 /* Pods_ParstagramTests.framework in Frameworks */,
			);
			runOnlyForDeploymentPostprocessing = 0;
		};
		8ABD1F3C27EA8EF700247759 /* Frameworks */ = {
			isa = PBXFrameworksBuildPhase;
			buildActionMask = 2147483647;
			files = (
				414B0A5872ED7AB724B20F4B /* Pods_Parstagram_ParstagramUITests.framework in Frameworks */,
			);
			runOnlyForDeploymentPostprocessing = 0;
		};
/* End PBXFrameworksBuildPhase section */

/* Begin PBXGroup section */
		131280840E9EA3FECCE85241 /* Pods */ = {
			isa = PBXGroup;
			children = (
				969F862ED1E04D7444927AFE /* Pods-Parstagram.debug.xcconfig */,
				4946EED8663DCCD3D9AC6D0C /* Pods-Parstagram.release.xcconfig */,
				1BB5D7C92E37BD03DE4D6800 /* Pods-Parstagram-ParstagramUITests.debug.xcconfig */,
				93F9C7040AD2115D05513334 /* Pods-Parstagram-ParstagramUITests.release.xcconfig */,
				8EBBFAD4AF8B03F6D7E92A03 /* Pods-ParstagramTests.debug.xcconfig */,
				EE9981ECBB402B3AEFB46C85 /* Pods-ParstagramTests.release.xcconfig */,
			);
			name = Pods;
			path = Pods;
			sourceTree = "<group>";
		};
		8ABD1F1327EA8EF400247759 = {
			isa = PBXGroup;
			children = (
				8ABD1F1E27EA8EF400247759 /* Parstagram */,
				8ABD1F3827EA8EF700247759 /* ParstagramTests */,
				8ABD1F4227EA8EF700247759 /* ParstagramUITests */,
				8ABD1F1D27EA8EF400247759 /* Products */,
				131280840E9EA3FECCE85241 /* Pods */,
				F06D3171BB28763490B18704 /* Frameworks */,
			);
			sourceTree = "<group>";
		};
		8ABD1F1D27EA8EF400247759 /* Products */ = {
			isa = PBXGroup;
			children = (
				8ABD1F1C27EA8EF400247759 /* Parstagram.app */,
				8ABD1F3527EA8EF700247759 /* ParstagramTests.xctest */,
				8ABD1F3F27EA8EF700247759 /* ParstagramUITests.xctest */,
			);
			name = Products;
			sourceTree = "<group>";
		};
		8ABD1F1E27EA8EF400247759 /* Parstagram */ = {
			isa = PBXGroup;
			children = (
				8ABD1F1F27EA8EF400247759 /* AppDelegate.swift */,
				8ABD1F2127EA8EF400247759 /* SceneDelegate.swift */,
				8ABD1F2327EA8EF400247759 /* ViewController.swift */,
				8ABD1F2527EA8EF400247759 /* Main.storyboard */,
				8ABD1F2B27EA8EF600247759 /* Assets.xcassets */,
				8ABD1F2D27EA8EF700247759 /* LaunchScreen.storyboard */,
				8ABD1F3027EA8EF700247759 /* Info.plist */,
				8ABD1F2827EA8EF400247759 /* Parstagram.xcdatamodeld */,
			);
			path = Parstagram;
			sourceTree = "<group>";
		};
		8ABD1F3827EA8EF700247759 /* ParstagramTests */ = {
			isa = PBXGroup;
			children = (
				8ABD1F3927EA8EF700247759 /* ParstagramTests.swift */,
			);
			path = ParstagramTests;
			sourceTree = "<group>";
		};
		8ABD1F4227EA8EF700247759 /* ParstagramUITests */ = {
			isa = PBXGroup;
			children = (
				8ABD1F4327EA8EF700247759 /* ParstagramUITests.swift */,
				8ABD1F4527EA8EF700247759 /* ParstagramUITestsLaunchTests.swift */,
			);
			path = ParstagramUITests;
			sourceTree = "<group>";
		};
		F06D3171BB28763490B18704 /* Frameworks */ = {
			isa = PBXGroup;
			children = (
				10AF781CDB62CF103E7EC459 /* Pods_Parstagram.framework */,
				12A12343405AC3A5D34B9F45 /* Pods_Parstagram_ParstagramUITests.framework */,
				56631A094F0053C050041931 /* Pods_ParstagramTests.framework */,
			);
			name = Frameworks;
			sourceTree = "<group>";
		};
/* End PBXGroup section */

/* Begin PBXNativeTarget section */
		8ABD1F1B27EA8EF400247759 /* Parstagram */ = {
			isa = PBXNativeTarget;
			buildConfigurationList = 8ABD1F4927EA8EF700247759 /* Build configuration list for PBXNativeTarget "Parstagram" */;
			buildPhases = (
				F57ED3BEEB16AB2CF0D29C1D /* [CP] Check Pods Manifest.lock */,
				8ABD1F1827EA8EF400247759 /* Sources */,
				8ABD1F1927EA8EF400247759 /* Frameworks */,
				8ABD1F1A27EA8EF400247759 /* Resources */,
				EE7BC58423021842A0DC69E7 /* [CP] Embed Pods Frameworks */,
			);
			buildRules = (
			);
			dependencies = (
			);
			name = Parstagram;
			packageProductDependencies = (
				8A989BDD27ED0DC700206572 /* AlamofireImage */,
			);
			productName = Parstagram;
			productReference = 8ABD1F1C27EA8EF400247759 /* Parstagram.app */;
			productType = "com.apple.product-type.application";
		};
		8ABD1F3427EA8EF700247759 /* ParstagramTests */ = {
			isa = PBXNativeTarget;
			buildConfigurationList = 8ABD1F4C27EA8EF700247759 /* Build configuration list for PBXNativeTarget "ParstagramTests" */;
			buildPhases = (
				67063493066E639ECF6BCF5A /* [CP] Check Pods Manifest.lock */,
				8ABD1F3127EA8EF700247759 /* Sources */,
				8ABD1F3227EA8EF700247759 /* Frameworks */,
				8ABD1F3327EA8EF700247759 /* Resources */,
			);
			buildRules = (
			);
			dependencies = (
				8ABD1F3727EA8EF700247759 /* PBXTargetDependency */,
			);
			name = ParstagramTests;
			productName = ParstagramTests;
			productReference = 8ABD1F3527EA8EF700247759 /* ParstagramTests.xctest */;
			productType = "com.apple.product-type.bundle.unit-test";
		};
		8ABD1F3E27EA8EF700247759 /* ParstagramUITests */ = {
			isa = PBXNativeTarget;
			buildConfigurationList = 8ABD1F4F27EA8EF700247759 /* Build configuration list for PBXNativeTarget "ParstagramUITests" */;
			buildPhases = (
				739FDCF1EB48ABEF45C302F2 /* [CP] Check Pods Manifest.lock */,
				8ABD1F3B27EA8EF700247759 /* Sources */,
				8ABD1F3C27EA8EF700247759 /* Frameworks */,
				8ABD1F3D27EA8EF700247759 /* Resources */,
				B643B1D477A13A5FB1D2151A /* [CP] Embed Pods Frameworks */,
			);
			buildRules = (
			);
			dependencies = (
				8ABD1F4127EA8EF700247759 /* PBXTargetDependency */,
			);
			name = ParstagramUITests;
			productName = ParstagramUITests;
			productReference = 8ABD1F3F27EA8EF700247759 /* ParstagramUITests.xctest */;
			productType = "com.apple.product-type.bundle.ui-testing";
		};
/* End PBXNativeTarget section */

/* Begin PBXProject section */
		8ABD1F1427EA8EF400247759 /* Project object */ = {
			isa = PBXProject;
			attributes = {
				BuildIndependentTargetsInParallel = 1;
				LastSwiftUpdateCheck = 1320;
				LastUpgradeCheck = 1320;
				TargetAttributes = {
					8ABD1F1B27EA8EF400247759 = {
						CreatedOnToolsVersion = 13.2.1;
					};
					8ABD1F3427EA8EF700247759 = {
						CreatedOnToolsVersion = 13.2.1;
						TestTargetID = 8ABD1F1B27EA8EF400247759;
					};
					8ABD1F3E27EA8EF700247759 = {
						CreatedOnToolsVersion = 13.2.1;
						TestTargetID = 8ABD1F1B27EA8EF400247759;
					};
				};
			};
			buildConfigurationList = 8ABD1F1727EA8EF400247759 /* Build configuration list for PBXProject "Parstagram" */;
			compatibilityVersion = "Xcode 13.0";
			developmentRegion = en;
			hasScannedForEncodings = 0;
			knownRegions = (
				en,
				Base,
			);
			mainGroup = 8ABD1F1327EA8EF400247759;
			packageReferences = (
				8A989BDC27ED0DC700206572 /* XCRemoteSwiftPackageReference "AlamofireImage" */,
			);
			productRefGroup = 8ABD1F1D27EA8EF400247759 /* Products */;
			projectDirPath = "";
			projectRoot = "";
			targets = (
				8ABD1F1B27EA8EF400247759 /* Parstagram */,
				8ABD1F3427EA8EF700247759 /* ParstagramTests */,
				8ABD1F3E27EA8EF700247759 /* ParstagramUITests */,
			);
		};
/* End PBXProject section */

/* Begin PBXResourcesBuildPhase section */
		8ABD1F1A27EA8EF400247759 /* Resources */ = {
			isa = PBXResourcesBuildPhase;
			buildActionMask = 2147483647;
			files = (
				8ABD1F2F27EA8EF700247759 /* LaunchScreen.storyboard in Resources */,
				8ABD1F2C27EA8EF600247759 /* Assets.xcassets in Resources */,
				8ABD1F2727EA8EF400247759 /* Main.storyboard in Resources */,
			);
			runOnlyForDeploymentPostprocessing = 0;
		};
		8ABD1F3327EA8EF700247759 /* Resources */ = {
			isa = PBXResourcesBuildPhase;
			buildActionMask = 2147483647;
			files = (
			);
			runOnlyForDeploymentPostprocessing = 0;
		};
		8ABD1F3D27EA8EF700247759 /* Resources */ = {
			isa = PBXResourcesBuildPhase;
			buildActionMask = 2147483647;
			files = (
			);
			runOnlyForDeploymentPostprocessing = 0;
		};
/* End PBXResourcesBuildPhase section */

/* Begin PBXShellScriptBuildPhase section */
		67063493066E639ECF6BCF5A /* [CP] Check Pods Manifest.lock */ = {
			isa = PBXShellScriptBuildPhase;
			buildActionMask = 2147483647;
			files = (
			);
			inputFileListPaths = (
			);
			inputPaths = (
				"${PODS_PODFILE_DIR_PATH}/Podfile.lock",
				"${PODS_ROOT}/Manifest.lock",
			);
			name = "[CP] Check Pods Manifest.lock";
			outputFileListPaths = (
			);
			outputPaths = (
				"$(DERIVED_FILE_DIR)/Pods-ParstagramTests-checkManifestLockResult.txt",
			);
			runOnlyForDeploymentPostprocessing = 0;
			shellPath = /bin/sh;
			shellScript = "diff \"${PODS_PODFILE_DIR_PATH}/Podfile.lock\" \"${PODS_ROOT}/Manifest.lock\" > /dev/null\nif [ $? != 0 ] ; then\n    # print error to STDERR\n    echo \"error: The sandbox is not in sync with the Podfile.lock. Run 'pod install' or update your CocoaPods installation.\" >&2\n    exit 1\nfi\n# This output is used by Xcode 'outputs' to avoid re-running this script phase.\necho \"SUCCESS\" > \"${SCRIPT_OUTPUT_FILE_0}\"\n";
			showEnvVarsInLog = 0;
		};
		739FDCF1EB48ABEF45C302F2 /* [CP] Check Pods Manifest.lock */ = {
			isa = PBXShellScriptBuildPhase;
			buildActionMask = 2147483647;
			files = (
			);
			inputFileListPaths = (
			);
			inputPaths = (
				"${PODS_PODFILE_DIR_PATH}/Podfile.lock",
				"${PODS_ROOT}/Manifest.lock",
			);
			name = "[CP] Check Pods Manifest.lock";
			outputFileListPaths = (
			);
			outputPaths = (
				"$(DERIVED_FILE_DIR)/Pods-Parstagram-ParstagramUITests-checkManifestLockResult.txt",
			);
			runOnlyForDeploymentPostprocessing = 0;
			shellPath = /bin/sh;
			shellScript = "diff \"${PODS_PODFILE_DIR_PATH}/Podfile.lock\" \"${PODS_ROOT}/Manifest.lock\" > /dev/null\nif [ $? != 0 ] ; then\n    # print error to STDERR\n    echo \"error: The sandbox is not in sync with the Podfile.lock. Run 'pod install' or update your CocoaPods installation.\" >&2\n    exit 1\nfi\n# This output is used by Xcode 'outputs' to avoid re-running this script phase.\necho \"SUCCESS\" > \"${SCRIPT_OUTPUT_FILE_0}\"\n";
			showEnvVarsInLog = 0;
		};
		B643B1D477A13A5FB1D2151A /* [CP] Embed Pods Frameworks */ = {
			isa = PBXShellScriptBuildPhase;
			buildActionMask = 2147483647;
			files = (
			);
			inputFileListPaths = (
				"${PODS_ROOT}/Target Support Files/Pods-Parstagram-ParstagramUITests/Pods-Parstagram-ParstagramUITests-frameworks-${CONFIGURATION}-input-files.xcfilelist",
			);
			name = "[CP] Embed Pods Frameworks";
			outputFileListPaths = (
				"${PODS_ROOT}/Target Support Files/Pods-Parstagram-ParstagramUITests/Pods-Parstagram-ParstagramUITests-frameworks-${CONFIGURATION}-output-files.xcfilelist",
			);
			runOnlyForDeploymentPostprocessing = 0;
			shellPath = /bin/sh;
			shellScript = "\"${PODS_ROOT}/Target Support Files/Pods-Parstagram-ParstagramUITests/Pods-Parstagram-ParstagramUITests-frameworks.sh\"\n";
			showEnvVarsInLog = 0;
		};
		EE7BC58423021842A0DC69E7 /* [CP] Embed Pods Frameworks */ = {
			isa = PBXShellScriptBuildPhase;
			buildActionMask = 2147483647;
			files = (
			);
			inputFileListPaths = (
				"${PODS_ROOT}/Target Support Files/Pods-Parstagram/Pods-Parstagram-frameworks-${CONFIGURATION}-input-files.xcfilelist",
			);
			name = "[CP] Embed Pods Frameworks";
			outputFileListPaths = (
				"${PODS_ROOT}/Target Support Files/Pods-Parstagram/Pods-Parstagram-frameworks-${CONFIGURATION}-output-files.xcfilelist",
			);
			runOnlyForDeploymentPostprocessing = 0;
			shellPath = /bin/sh;
			shellScript = "\"${PODS_ROOT}/Target Support Files/Pods-Parstagram/Pods-Parstagram-frameworks.sh\"\n";
			showEnvVarsInLog = 0;
		};
		F57ED3BEEB16AB2CF0D29C1D /* [CP] Check Pods Manifest.lock */ = {
			isa = PBXShellScriptBuildPhase;
			buildActionMask = 2147483647;
			files = (
			);
			inputFileListPaths = (
			);
			inputPaths = (
				"${PODS_PODFILE_DIR_PATH}/Podfile.lock",
				"${PODS_ROOT}/Manifest.lock",
			);
			name = "[CP] Check Pods Manifest.lock";
			outputFileListPaths = (
			);
			outputPaths = (
				"$(DERIVED_FILE_DIR)/Pods-Parstagram-checkManifestLockResult.txt",
			);
			runOnlyForDeploymentPostprocessing = 0;
			shellPath = /bin/sh;
			shellScript = "diff \"${PODS_PODFILE_DIR_PATH}/Podfile.lock\" \"${PODS_ROOT}/Manifest.lock\" > /dev/null\nif [ $? != 0 ] ; then\n    # print error to STDERR\n    echo \"error: The sandbox is not in sync with the Podfile.lock. Run 'pod install' or update your CocoaPods installation.\" >&2\n    exit 1\nfi\n# This output is used by Xcode 'outputs' to avoid re-running this script phase.\necho \"SUCCESS\" > \"${SCRIPT_OUTPUT_FILE_0}\"\n";
			showEnvVarsInLog = 0;
		};
/* End PBXShellScriptBuildPhase section */

/* Begin PBXSourcesBuildPhase section */
		8ABD1F1827EA8EF400247759 /* Sources */ = {
			isa = PBXSourcesBuildPhase;
			buildActionMask = 2147483647;
			files = (
				8ABD1F2427EA8EF400247759 /* ViewController.swift in Sources */,
				8ABD1F2A27EA8EF400247759 /* Parstagram.xcdatamodeld in Sources */,
				8ABD1F2027EA8EF400247759 /* AppDelegate.swift in Sources */,
				8ABD1F2227EA8EF400247759 /* SceneDelegate.swift in Sources */,
			);
			runOnlyForDeploymentPostprocessing = 0;
		};
		8ABD1F3127EA8EF700247759 /* Sources */ = {
			isa = PBXSourcesBuildPhase;
			buildActionMask = 2147483647;
			files = (
				8ABD1F3A27EA8EF700247759 /* ParstagramTests.swift in Sources */,
			);
			runOnlyForDeploymentPostprocessing = 0;
		};
		8ABD1F3B27EA8EF700247759 /* Sources */ = {
			isa = PBXSourcesBuildPhase;
			buildActionMask = 2147483647;
			files = (
				8ABD1F4627EA8EF700247759 /* ParstagramUITestsLaunchTests.swift in Sources */,
				8ABD1F4427EA8EF700247759 /* ParstagramUITests.swift in Sources */,
			);
			runOnlyForDeploymentPostprocessing = 0;
		};
/* End PBXSourcesBuildPhase section */

/* Begin PBXTargetDependency section */
		8ABD1F3727EA8EF700247759 /* PBXTargetDependency */ = {
			isa = PBXTargetDependency;
			target = 8ABD1F1B27EA8EF400247759 /* Parstagram */;
			targetProxy = 8ABD1F3627EA8EF700247759 /* PBXContainerItemProxy */;
		};
		8ABD1F4127EA8EF700247759 /* PBXTargetDependency */ = {
			isa = PBXTargetDependency;
			target = 8ABD1F1B27EA8EF400247759 /* Parstagram */;
			targetProxy = 8ABD1F4027EA8EF700247759 /* PBXContainerItemProxy */;
		};
/* End PBXTargetDependency section */

/* Begin PBXVariantGroup section */
		8ABD1F2527EA8EF400247759 /* Main.storyboard */ = {
			isa = PBXVariantGroup;
			children = (
				8ABD1F2627EA8EF400247759 /* Base */,
			);
			name = Main.storyboard;
			sourceTree = "<group>";
		};
		8ABD1F2D27EA8EF700247759 /* LaunchScreen.storyboard */ = {
			isa = PBXVariantGroup;
			children = (
				8ABD1F2E27EA8EF700247759 /* Base */,
			);
			name = LaunchScreen.storyboard;
			sourceTree = "<group>";
		};
/* End PBXVariantGroup section */

/* Begin XCBuildConfiguration section */
		8ABD1F4727EA8EF700247759 /* Debug */ = {
			isa = XCBuildConfiguration;
			buildSettings = {
				ALWAYS_SEARCH_USER_PATHS = NO;
				CLANG_ANALYZER_NONNULL = YES;
				CLANG_ANALYZER_NUMBER_OBJECT_CONVERSION = YES_AGGRESSIVE;
				CLANG_CXX_LANGUAGE_STANDARD = "gnu++17";
				CLANG_CXX_LIBRARY = "libc++";
				CLANG_ENABLE_MODULES = YES;
				CLANG_ENABLE_OBJC_ARC = YES;
				CLANG_ENABLE_OBJC_WEAK = YES;
				CLANG_WARN_BLOCK_CAPTURE_AUTORELEASING = YES;
				CLANG_WARN_BOOL_CONVERSION = YES;
				CLANG_WARN_COMMA = YES;
				CLANG_WARN_CONSTANT_CONVERSION = YES;
				CLANG_WARN_DEPRECATED_OBJC_IMPLEMENTATIONS = YES;
				CLANG_WARN_DIRECT_OBJC_ISA_USAGE = YES_ERROR;
				CLANG_WARN_DOCUMENTATION_COMMENTS = YES;
				CLANG_WARN_EMPTY_BODY = YES;
				CLANG_WARN_ENUM_CONVERSION = YES;
				CLANG_WARN_INFINITE_RECURSION = YES;
				CLANG_WARN_INT_CONVERSION = YES;
				CLANG_WARN_NON_LITERAL_NULL_CONVERSION = YES;
				CLANG_WARN_OBJC_IMPLICIT_RETAIN_SELF = YES;
				CLANG_WARN_OBJC_LITERAL_CONVERSION = YES;
				CLANG_WARN_OBJC_ROOT_CLASS = YES_ERROR;
				CLANG_WARN_QUOTED_INCLUDE_IN_FRAMEWORK_HEADER = YES;
				CLANG_WARN_RANGE_LOOP_ANALYSIS = YES;
				CLANG_WARN_STRICT_PROTOTYPES = YES;
				CLANG_WARN_SUSPICIOUS_MOVE = YES;
				CLANG_WARN_UNGUARDED_AVAILABILITY = YES_AGGRESSIVE;
				CLANG_WARN_UNREACHABLE_CODE = YES;
				CLANG_WARN__DUPLICATE_METHOD_MATCH = YES;
				COPY_PHASE_STRIP = NO;
				DEBUG_INFORMATION_FORMAT = dwarf;
				ENABLE_STRICT_OBJC_MSGSEND = YES;
				ENABLE_TESTABILITY = YES;
				GCC_C_LANGUAGE_STANDARD = gnu11;
				GCC_DYNAMIC_NO_PIC = NO;
				GCC_NO_COMMON_BLOCKS = YES;
				GCC_OPTIMIZATION_LEVEL = 0;
				GCC_PREPROCESSOR_DEFINITIONS = (
					"DEBUG=1",
					"$(inherited)",
				);
				GCC_WARN_64_TO_32_BIT_CONVERSION = YES;
				GCC_WARN_ABOUT_RETURN_TYPE = YES_ERROR;
				GCC_WARN_UNDECLARED_SELECTOR = YES;
				GCC_WARN_UNINITIALIZED_AUTOS = YES_AGGRESSIVE;
				GCC_WARN_UNUSED_FUNCTION = YES;
				GCC_WARN_UNUSED_VARIABLE = YES;
				IPHONEOS_DEPLOYMENT_TARGET = 15.2;
				MTL_ENABLE_DEBUG_INFO = INCLUDE_SOURCE;
				MTL_FAST_MATH = YES;
				ONLY_ACTIVE_ARCH = YES;
				SDKROOT = iphoneos;
				SWIFT_ACTIVE_COMPILATION_CONDITIONS = DEBUG;
				SWIFT_OPTIMIZATION_LEVEL = "-Onone";
			};
			name = Debug;
		};
		8ABD1F4827EA8EF700247759 /* Release */ = {
			isa = XCBuildConfiguration;
			buildSettings = {
				ALWAYS_SEARCH_USER_PATHS = NO;
				CLANG_ANALYZER_NONNULL = YES;
				CLANG_ANALYZER_NUMBER_OBJECT_CONVERSION = YES_AGGRESSIVE;
				CLANG_CXX_LANGUAGE_STANDARD = "gnu++17";
				CLANG_CXX_LIBRARY = "libc++";
				CLANG_ENABLE_MODULES = YES;
				CLANG_ENABLE_OBJC_ARC = YES;
				CLANG_ENABLE_OBJC_WEAK = YES;
				CLANG_WARN_BLOCK_CAPTURE_AUTORELEASING = YES;
				CLANG_WARN_BOOL_CONVERSION = YES;
				CLANG_WARN_COMMA = YES;
				CLANG_WARN_CONSTANT_CONVERSION = YES;
				CLANG_WARN_DEPRECATED_OBJC_IMPLEMENTATIONS = YES;
				CLANG_WARN_DIRECT_OBJC_ISA_USAGE = YES_ERROR;
				CLANG_WARN_DOCUMENTATION_COMMENTS = YES;
				CLANG_WARN_EMPTY_BODY = YES;
				CLANG_WARN_ENUM_CONVERSION = YES;
				CLANG_WARN_INFINITE_RECURSION = YES;
				CLANG_WARN_INT_CONVERSION = YES;
				CLANG_WARN_NON_LITERAL_NULL_CONVERSION = YES;
				CLANG_WARN_OBJC_IMPLICIT_RETAIN_SELF = YES;
				CLANG_WARN_OBJC_LITERAL_CONVERSION = YES;
				CLANG_WARN_OBJC_ROOT_CLASS = YES_ERROR;
				CLANG_WARN_QUOTED_INCLUDE_IN_FRAMEWORK_HEADER = YES;
				CLANG_WARN_RANGE_LOOP_ANALYSIS = YES;
				CLANG_WARN_STRICT_PROTOTYPES = YES;
				CLANG_WARN_SUSPICIOUS_MOVE = YES;
				CLANG_WARN_UNGUARDED_AVAILABILITY = YES_AGGRESSIVE;
				CLANG_WARN_UNREACHABLE_CODE = YES;
				CLANG_WARN__DUPLICATE_METHOD_MATCH = YES;
				COPY_PHASE_STRIP = NO;
				DEBUG_INFORMATION_FORMAT = "dwarf-with-dsym";
				ENABLE_NS_ASSERTIONS = NO;
				ENABLE_STRICT_OBJC_MSGSEND = YES;
				GCC_C_LANGUAGE_STANDARD = gnu11;
				GCC_NO_COMMON_BLOCKS = YES;
				GCC_WARN_64_TO_32_BIT_CONVERSION = YES;
				GCC_WARN_ABOUT_RETURN_TYPE = YES_ERROR;
				GCC_WARN_UNDECLARED_SELECTOR = YES;
				GCC_WARN_UNINITIALIZED_AUTOS = YES_AGGRESSIVE;
				GCC_WARN_UNUSED_FUNCTION = YES;
				GCC_WARN_UNUSED_VARIABLE = YES;
				IPHONEOS_DEPLOYMENT_TARGET = 15.2;
				MTL_ENABLE_DEBUG_INFO = NO;
				MTL_FAST_MATH = YES;
				SDKROOT = iphoneos;
				SWIFT_COMPILATION_MODE = wholemodule;
				SWIFT_OPTIMIZATION_LEVEL = "-O";
				VALIDATE_PRODUCT = YES;
			};
			name = Release;
		};
		8ABD1F4A27EA8EF700247759 /* Debug */ = {
			isa = XCBuildConfiguration;
			baseConfigurationReference = 969F862ED1E04D7444927AFE /* Pods-Parstagram.debug.xcconfig */;
			buildSettings = {
				ASSETCATALOG_COMPILER_APPICON_NAME = AppIcon;
				ASSETCATALOG_COMPILER_GLOBAL_ACCENT_COLOR_NAME = AccentColor;
				CODE_SIGN_STYLE = Automatic;
				CURRENT_PROJECT_VERSION = 1;
				DEVELOPMENT_TEAM = 9G87C32QV8;
				GENERATE_INFOPLIST_FILE = YES;
				INFOPLIST_FILE = Parstagram/Info.plist;
				INFOPLIST_KEY_UIApplicationSupportsIndirectInputEvents = YES;
				INFOPLIST_KEY_UILaunchStoryboardName = LaunchScreen;
				INFOPLIST_KEY_UIMainStoryboardFile = Main;
				INFOPLIST_KEY_UISupportedInterfaceOrientations_iPad = "UIInterfaceOrientationPortrait UIInterfaceOrientationPortraitUpsideDown UIInterfaceOrientationLandscapeLeft UIInterfaceOrientationLandscapeRight";
				INFOPLIST_KEY_UISupportedInterfaceOrientations_iPhone = "UIInterfaceOrientationPortrait UIInterfaceOrientationLandscapeLeft UIInterfaceOrientationLandscapeRight";
				LD_RUNPATH_SEARCH_PATHS = (
					"$(inherited)",
					"@executable_path/Frameworks",
				);
				MARKETING_VERSION = 1.0;
				PRODUCT_BUNDLE_IDENTIFIER = com.jrodriguez289.Parstagram;
				PRODUCT_NAME = "$(TARGET_NAME)";
				SWIFT_EMIT_LOC_STRINGS = YES;
				SWIFT_VERSION = 5.0;
				TARGETED_DEVICE_FAMILY = "1,2";
			};
			name = Debug;
		};
		8ABD1F4B27EA8EF700247759 /* Release */ = {
			isa = XCBuildConfiguration;
			baseConfigurationReference = 4946EED8663DCCD3D9AC6D0C /* Pods-Parstagram.release.xcconfig */;
			buildSettings = {
				ASSETCATALOG_COMPILER_APPICON_NAME = AppIcon;
				ASSETCATALOG_COMPILER_GLOBAL_ACCENT_COLOR_NAME = AccentColor;
				CODE_SIGN_STYLE = Automatic;
				CURRENT_PROJECT_VERSION = 1;
				DEVELOPMENT_TEAM = 9G87C32QV8;
				GENERATE_INFOPLIST_FILE = YES;
				INFOPLIST_FILE = Parstagram/Info.plist;
				INFOPLIST_KEY_UIApplicationSupportsIndirectInputEvents = YES;
				INFOPLIST_KEY_UILaunchStoryboardName = LaunchScreen;
				INFOPLIST_KEY_UIMainStoryboardFile = Main;
				INFOPLIST_KEY_UISupportedInterfaceOrientations_iPad = "UIInterfaceOrientationPortrait UIInterfaceOrientationPortraitUpsideDown UIInterfaceOrientationLandscapeLeft UIInterfaceOrientationLandscapeRight";
				INFOPLIST_KEY_UISupportedInterfaceOrientations_iPhone = "UIInterfaceOrientationPortrait UIInterfaceOrientationLandscapeLeft UIInterfaceOrientationLandscapeRight";
				LD_RUNPATH_SEARCH_PATHS = (
					"$(inherited)",
					"@executable_path/Frameworks",
				);
				MARKETING_VERSION = 1.0;
				PRODUCT_BUNDLE_IDENTIFIER = com.jrodriguez289.Parstagram;
				PRODUCT_NAME = "$(TARGET_NAME)";
				SWIFT_EMIT_LOC_STRINGS = YES;
				SWIFT_VERSION = 5.0;
				TARGETED_DEVICE_FAMILY = "1,2";
			};
			name = Release;
		};
		8ABD1F4D27EA8EF700247759 /* Debug */ = {
			isa = XCBuildConfiguration;
			baseConfigurationReference = 8EBBFAD4AF8B03F6D7E92A03 /* Pods-ParstagramTests.debug.xcconfig */;
			buildSettings = {
				ALWAYS_EMBED_SWIFT_STANDARD_LIBRARIES = YES;
				BUNDLE_LOADER = "$(TEST_HOST)";
				CODE_SIGN_STYLE = Automatic;
				CURRENT_PROJECT_VERSION = 1;
				DEVELOPMENT_TEAM = 9G87C32QV8;
				GENERATE_INFOPLIST_FILE = YES;
				IPHONEOS_DEPLOYMENT_TARGET = 15.2;
				MARKETING_VERSION = 1.0;
				PRODUCT_BUNDLE_IDENTIFIER = com.jrodriguez289.ParstagramTests;
				PRODUCT_NAME = "$(TARGET_NAME)";
				SWIFT_EMIT_LOC_STRINGS = NO;
				SWIFT_VERSION = 5.0;
				TARGETED_DEVICE_FAMILY = "1,2";
				TEST_HOST = "$(BUILT_PRODUCTS_DIR)/Parstagram.app/Parstagram";
			};
			name = Debug;
		};
		8ABD1F4E27EA8EF700247759 /* Release */ = {
			isa = XCBuildConfiguration;
			baseConfigurationReference = EE9981ECBB402B3AEFB46C85 /* Pods-ParstagramTests.release.xcconfig */;
			buildSettings = {
				ALWAYS_EMBED_SWIFT_STANDARD_LIBRARIES = YES;
				BUNDLE_LOADER = "$(TEST_HOST)";
				CODE_SIGN_STYLE = Automatic;
				CURRENT_PROJECT_VERSION = 1;
				DEVELOPMENT_TEAM = 9G87C32QV8;
				GENERATE_INFOPLIST_FILE = YES;
				IPHONEOS_DEPLOYMENT_TARGET = 15.2;
				MARKETING_VERSION = 1.0;
				PRODUCT_BUNDLE_IDENTIFIER = com.jrodriguez289.ParstagramTests;
				PRODUCT_NAME = "$(TARGET_NAME)";
				SWIFT_EMIT_LOC_STRINGS = NO;
				SWIFT_VERSION = 5.0;
				TARGETED_DEVICE_FAMILY = "1,2";
				TEST_HOST = "$(BUILT_PRODUCTS_DIR)/Parstagram.app/Parstagram";
			};
			name = Release;
		};
		8ABD1F5027EA8EF700247759 /* Debug */ = {
			isa = XCBuildConfiguration;
			baseConfigurationReference = 1BB5D7C92E37BD03DE4D6800 /* Pods-Parstagram-ParstagramUITests.debug.xcconfig */;
			buildSettings = {
				ALWAYS_EMBED_SWIFT_STANDARD_LIBRARIES = YES;
				CODE_SIGN_STYLE = Automatic;
				CURRENT_PROJECT_VERSION = 1;
				DEVELOPMENT_TEAM = 9G87C32QV8;
				GENERATE_INFOPLIST_FILE = YES;
				MARKETING_VERSION = 1.0;
				PRODUCT_BUNDLE_IDENTIFIER = com.jrodriguez289.ParstagramUITests;
				PRODUCT_NAME = "$(TARGET_NAME)";
				SWIFT_EMIT_LOC_STRINGS = NO;
				SWIFT_VERSION = 5.0;
				TARGETED_DEVICE_FAMILY = "1,2";
				TEST_TARGET_NAME = Parstagram;
			};
			name = Debug;
		};
		8ABD1F5127EA8EF700247759 /* Release */ = {
			isa = XCBuildConfiguration;
			baseConfigurationReference = 93F9C7040AD2115D05513334 /* Pods-Parstagram-ParstagramUITests.release.xcconfig */;
			buildSettings = {
				ALWAYS_EMBED_SWIFT_STANDARD_LIBRARIES = YES;
				CODE_SIGN_STYLE = Automatic;
				CURRENT_PROJECT_VERSION = 1;
				DEVELOPMENT_TEAM = 9G87C32QV8;
				GENERATE_INFOPLIST_FILE = YES;
				MARKETING_VERSION = 1.0;
				PRODUCT_BUNDLE_IDENTIFIER = com.jrodriguez289.ParstagramUITests;
				PRODUCT_NAME = "$(TARGET_NAME)";
				SWIFT_EMIT_LOC_STRINGS = NO;
				SWIFT_VERSION = 5.0;
				TARGETED_DEVICE_FAMILY = "1,2";
				TEST_TARGET_NAME = Parstagram;
			};
			name = Release;
		};
/* End XCBuildConfiguration section */

/* Begin XCConfigurationList section */
		8ABD1F1727EA8EF400247759 /* Build configuration list for PBXProject "Parstagram" */ = {
			isa = XCConfigurationList;
			buildConfigurations = (
				8ABD1F4727EA8EF700247759 /* Debug */,
				8ABD1F4827EA8EF700247759 /* Release */,
			);
			defaultConfigurationIsVisible = 0;
			defaultConfigurationName = Release;
		};
		8ABD1F4927EA8EF700247759 /* Build configuration list for PBXNativeTarget "Parstagram" */ = {
			isa = XCConfigurationList;
			buildConfigurations = (
				8ABD1F4A27EA8EF700247759 /* Debug */,
				8ABD1F4B27EA8EF700247759 /* Release */,
			);
			defaultConfigurationIsVisible = 0;
			defaultConfigurationName = Release;
		};
		8ABD1F4C27EA8EF700247759 /* Build configuration list for PBXNativeTarget "ParstagramTests" */ = {
			isa = XCConfigurationList;
			buildConfigurations = (
				8ABD1F4D27EA8EF700247759 /* Debug */,
				8ABD1F4E27EA8EF700247759 /* Release */,
			);
			defaultConfigurationIsVisible = 0;
			defaultConfigurationName = Release;
		};
		8ABD1F4F27EA8EF700247759 /* Build configuration list for PBXNativeTarget "ParstagramUITests" */ = {
			isa = XCConfigurationList;
			buildConfigurations = (
				8ABD1F5027EA8EF700247759 /* Debug */,
				8ABD1F5127EA8EF700247759 /* Release */,
			);
			defaultConfigurationIsVisible = 0;
			defaultConfigurationName = Release;
		};
/* End XCConfigurationList section */

/* Begin XCRemoteSwiftPackageReference section */
		8A989BDC27ED0DC700206572 /* XCRemoteSwiftPackageReference "AlamofireImage" */ = {
			isa = XCRemoteSwiftPackageReference;
			repositoryURL = "https://github.com/Alamofire/AlamofireImage";
			requirement = {
				branch = master;
				kind = branch;
			};
		};
/* End XCRemoteSwiftPackageReference section */

/* Begin XCSwiftPackageProductDependency section */
		8A989BDD27ED0DC700206572 /* AlamofireImage */ = {
			isa = XCSwiftPackageProductDependency;
			package = 8A989BDC27ED0DC700206572 /* XCRemoteSwiftPackageReference "AlamofireImage" */;
			productName = AlamofireImage;
		};
/* End XCSwiftPackageProductDependency section */

/* Begin XCVersionGroup section */
		8ABD1F2827EA8EF400247759 /* Parstagram.xcdatamodeld */ = {
			isa = XCVersionGroup;
			children = (
				8ABD1F2927EA8EF400247759 /* Parstagram.xcdatamodel */,
			);
			currentVersion = 8ABD1F2927EA8EF400247759 /* Parstagram.xcdatamodel */;
			path = Parstagram.xcdatamodeld;
			sourceTree = "<group>";
			versionGroupType = wrapper.xcdatamodel;
		};
/* End XCVersionGroup section */
	};
	rootObject = 8ABD1F1427EA8EF400247759 /* Project object */;
}
